// !$*UTF8*$!
{
	archiveVersion = 1;
	classes = {
	};
	objectVersion = 50;
	objects = {

/* Begin PBXBuildFile section */
		824CA6D724CAA60E00578F28 /* OperatingSystem.swift in Sources */ = {isa = PBXBuildFile; fileRef = 824CA6D624CAA60E00578F28 /* OperatingSystem.swift */; };
		824CA6DA24CAA67500578F28 /* OsTableCell.swift in Sources */ = {isa = PBXBuildFile; fileRef = 824CA6D924CAA67500578F28 /* OsTableCell.swift */; };
		82F5B42624C8A2E8005F5D6F /* AppDelegate.swift in Sources */ = {isa = PBXBuildFile; fileRef = 82F5B42524C8A2E8005F5D6F /* AppDelegate.swift */; };
		82F5B42824C8A2E8005F5D6F /* SceneDelegate.swift in Sources */ = {isa = PBXBuildFile; fileRef = 82F5B42724C8A2E8005F5D6F /* SceneDelegate.swift */; };
		82F5B42A24C8A2E8005F5D6F /* ViewController.swift in Sources */ = {isa = PBXBuildFile; fileRef = 82F5B42924C8A2E8005F5D6F /* ViewController.swift */; };
		82F5B42D24C8A2E8005F5D6F /* Main.storyboard in Resources */ = {isa = PBXBuildFile; fileRef = 82F5B42B24C8A2E8005F5D6F /* Main.storyboard */; };
		82F5B42F24C8A2EA005F5D6F /* Assets.xcassets in Resources */ = {isa = PBXBuildFile; fileRef = 82F5B42E24C8A2EA005F5D6F /* Assets.xcassets */; };
		82F5B43224C8A2EA005F5D6F /* LaunchScreen.storyboard in Resources */ = {isa = PBXBuildFile; fileRef = 82F5B43024C8A2EA005F5D6F /* LaunchScreen.storyboard */; };
/* End PBXBuildFile section */

/* Begin PBXFileReference section */
		824CA6D624CAA60E00578F28 /* OperatingSystem.swift */ = {isa = PBXFileReference; lastKnownFileType = sourcecode.swift; path = OperatingSystem.swift; sourceTree = "<group>"; };
		824CA6D924CAA67500578F28 /* OsTableCell.swift */ = {isa = PBXFileReference; lastKnownFileType = sourcecode.swift; path = OsTableCell.swift; sourceTree = "<group>"; };
		82F5B42224C8A2E8005F5D6F /* Newsapp-demo-iOS.app */ = {isa = PBXFileReference; explicitFileType = wrapper.application; includeInIndex = 0; path = "Newsapp-demo-iOS.app"; sourceTree = BUILT_PRODUCTS_DIR; };
		82F5B42524C8A2E8005F5D6F /* AppDelegate.swift */ = {isa = PBXFileReference; lastKnownFileType = sourcecode.swift; path = AppDelegate.swift; sourceTree = "<group>"; };
		82F5B42724C8A2E8005F5D6F /* SceneDelegate.swift */ = {isa = PBXFileReference; lastKnownFileType = sourcecode.swift; path = SceneDelegate.swift; sourceTree = "<group>"; };
		82F5B42924C8A2E8005F5D6F /* ViewController.swift */ = {isa = PBXFileReference; lastKnownFileType = sourcecode.swift; path = ViewController.swift; sourceTree = "<group>"; };
		82F5B42C24C8A2E8005F5D6F /* Base */ = {isa = PBXFileReference; lastKnownFileType = file.storyboard; name = Base; path = Base.lproj/Main.storyboard; sourceTree = "<group>"; };
		82F5B42E24C8A2EA005F5D6F /* Assets.xcassets */ = {isa = PBXFileReference; lastKnownFileType = folder.assetcatalog; path = Assets.xcassets; sourceTree = "<group>"; };
		82F5B43124C8A2EA005F5D6F /* Base */ = {isa = PBXFileReference; lastKnownFileType = file.storyboard; name = Base; path = Base.lproj/LaunchScreen.storyboard; sourceTree = "<group>"; };
		82F5B43324C8A2EA005F5D6F /* Info.plist */ = {isa = PBXFileReference; lastKnownFileType = text.plist.xml; path = Info.plist; sourceTree = "<group>"; };
/* End PBXFileReference section */

/* Begin PBXFrameworksBuildPhase section */
		82F5B41F24C8A2E8005F5D6F /* Frameworks */ = {
			isa = PBXFrameworksBuildPhase;
			buildActionMask = 2147483647;
			files = (
			);
			runOnlyForDeploymentPostprocessing = 0;
		};
/* End PBXFrameworksBuildPhase section */

/* Begin PBXGroup section */
		824CA6D824CAA61500578F28 /* model */ = {
			isa = PBXGroup;
			children = (
				824CA6D624CAA60E00578F28 /* OperatingSystem.swift */,
			);
			path = model;
			sourceTree = "<group>";
		};
		824CA6DB24CAA67F00578F28 /* view */ = {
			isa = PBXGroup;
			children = (
				82F5B42B24C8A2E8005F5D6F /* Main.storyboard */,
				824CA6D924CAA67500578F28 /* OsTableCell.swift */,
			);
			path = view;
			sourceTree = "<group>";
		};
		824CA6DC24CAA69400578F28 /* controller */ = {
			isa = PBXGroup;
			children = (
				82F5B42924C8A2E8005F5D6F /* ViewController.swift */,
			);
			path = controller;
			sourceTree = "<group>";
		};
		82F5B41924C8A2E8005F5D6F = {
			isa = PBXGroup;
			children = (
				82F5B42424C8A2E8005F5D6F /* Newsapp-demo-iOS */,
				82F5B42324C8A2E8005F5D6F /* Products */,
			);
			sourceTree = "<group>";
		};
		82F5B42324C8A2E8005F5D6F /* Products */ = {
			isa = PBXGroup;
			children = (
				82F5B42224C8A2E8005F5D6F /* Newsapp-demo-iOS.app */,
			);
			name = Products;
			sourceTree = "<group>";
		};
		82F5B42424C8A2E8005F5D6F /* Newsapp-demo-iOS */ = {
			isa = PBXGroup;
			children = (
				82F5B42524C8A2E8005F5D6F /* AppDelegate.swift */,
				82F5B42724C8A2E8005F5D6F /* SceneDelegate.swift */,
				824CA6D824CAA61500578F28 /* model */,
				824CA6DB24CAA67F00578F28 /* view */,
				824CA6DC24CAA69400578F28 /* controller */,
				82F5B42E24C8A2EA005F5D6F /* Assets.xcassets */,
				82F5B43024C8A2EA005F5D6F /* LaunchScreen.storyboard */,
				82F5B43324C8A2EA005F5D6F /* Info.plist */,
			);
			path = "Newsapp-demo-iOS";
			sourceTree = "<group>";
		};
/* End PBXGroup section */

/* Begin PBXNativeTarget section */
		82F5B42124C8A2E8005F5D6F /* Newsapp-demo-iOS */ = {
			isa = PBXNativeTarget;
			buildConfigurationList = 82F5B43624C8A2EA005F5D6F /* Build configuration list for PBXNativeTarget "Newsapp-demo-iOS" */;
			buildPhases = (
				82F5B41E24C8A2E8005F5D6F /* Sources */,
				82F5B41F24C8A2E8005F5D6F /* Frameworks */,
				82F5B42024C8A2E8005F5D6F /* Resources */,
			);
			buildRules = (
			);
			dependencies = (
			);
			name = "Newsapp-demo-iOS";
			productName = "Newsapp-demo-iOS";
			productReference = 82F5B42224C8A2E8005F5D6F /* Newsapp-demo-iOS.app */;
			productType = "com.apple.product-type.application";
		};
/* End PBXNativeTarget section */

/* Begin PBXProject section */
		82F5B41A24C8A2E8005F5D6F /* Project object */ = {
			isa = PBXProject;
			attributes = {
				LastSwiftUpdateCheck = 1130;
				LastUpgradeCheck = 1130;
				ORGANIZATIONNAME = "Kapil Bhattarai";
				TargetAttributes = {
					82F5B42124C8A2E8005F5D6F = {
						CreatedOnToolsVersion = 11.3.1;
					};
				};
			};
			buildConfigurationList = 82F5B41D24C8A2E8005F5D6F /* Build configuration list for PBXProject "Newsapp-demo-iOS" */;
			compatibilityVersion = "Xcode 9.3";
			developmentRegion = en;
			hasScannedForEncodings = 0;
			knownRegions = (
				en,
				Base,
			);
			mainGroup = 82F5B41924C8A2E8005F5D6F;
			productRefGroup = 82F5B42324C8A2E8005F5D6F /* Products */;
			projectDirPath = "";
			projectRoot = "";
			targets = (
				82F5B42124C8A2E8005F5D6F /* Newsapp-demo-iOS */,
			);
		};
/* End PBXProject section */

/* Begin PBXResourcesBuildPhase section */
		82F5B42024C8A2E8005F5D6F /* Resources */ = {
			isa = PBXResourcesBuildPhase;
			buildActionMask = 2147483647;
			files = (
				82F5B43224C8A2EA005F5D6F /* LaunchScreen.storyboard in Resources */,
				82F5B42F24C8A2EA005F5D6F /* Assets.xcassets in Resources */,
				82F5B42D24C8A2E8005F5D6F /* Main.storyboard in Resources */,
			);
			runOnlyForDeploymentPostprocessing = 0;
		};
/* End PBXResourcesBuildPhase section */

/* Begin PBXSourcesBuildPhase section */
		82F5B41E24C8A2E8005F5D6F /* Sources */ = {
			isa = PBXSourcesBuildPhase;
			buildActionMask = 2147483647;
			files = (
				82F5B42A24C8A2E8005F5D6F /* ViewController.swift in Sources */,
				82F5B42624C8A2E8005F5D6F /* AppDelegate.swift in Sources */,
				824CA6DA24CAA67500578F28 /* OsTableCell.swift in Sources */,
				824CA6D724CAA60E00578F28 /* OperatingSystem.swift in Sources */,
				82F5B42824C8A2E8005F5D6F /* SceneDelegate.swift in Sources */,
			);
			runOnlyForDeploymentPostprocessing = 0;
		};
/* End PBXSourcesBuildPhase section */

/* Begin PBXVariantGroup section */
		82F5B42B24C8A2E8005F5D6F /* Main.storyboard */ = {
			isa = PBXVariantGroup;
			children = (
				82F5B42C24C8A2E8005F5D6F /* Base */,
			);
			name = Main.storyboard;
			sourceTree = "<group>";
		};
		82F5B43024C8A2EA005F5D6F /* LaunchScreen.storyboard */ = {
			isa = PBXVariantGroup;
			children = (
				82F5B43124C8A2EA005F5D6F /* Base */,
			);
			name = LaunchScreen.storyboard;
			sourceTree = "<group>";
		};
/* End PBXVariantGroup section */

/* Begin XCBuildConfiguration section */
		82F5B43424C8A2EA005F5D6F /* Debug */ = {
			isa = XCBuildConfiguration;
			buildSettings = {
				ALWAYS_SEARCH_USER_PATHS = NO;
				CLANG_ANALYZER_NONNULL = YES;
				CLANG_ANALYZER_NUMBER_OBJECT_CONVERSION = YES_AGGRESSIVE;
				CLANG_CXX_LANGUAGE_STANDARD = "gnu++14";
				CLANG_CXX_LIBRARY = "libc++";
				CLANG_ENABLE_MODULES = YES;
				CLANG_ENABLE_OBJC_ARC = YES;
				CLANG_ENABLE_OBJC_WEAK = YES;
				CLANG_WARN_BLOCK_CAPTURE_AUTORELEASING = YES;
				CLANG_WARN_BOOL_CONVERSION = YES;
				CLANG_WARN_COMMA = YES;
				CLANG_WARN_CONSTANT_CONVERSION = YES;
				CLANG_WARN_DEPRECATED_OBJC_IMPLEMENTATIONS = YES;
				CLANG_WARN_DIRECT_OBJC_ISA_USAGE = YES_ERROR;
				CLANG_WARN_DOCUMENTATION_COMMENTS = YES;
				CLANG_WARN_EMPTY_BODY = YES;
				CLANG_WARN_ENUM_CONVERSION = YES;
				CLANG_WARN_INFINITE_RECURSION = YES;
				CLANG_WARN_INT_CONVERSION = YES;
				CLANG_WARN_NON_LITERAL_NULL_CONVERSION = YES;
				CLANG_WARN_OBJC_IMPLICIT_RETAIN_SELF = YES;
				CLANG_WARN_OBJC_LITERAL_CONVERSION = YES;
				CLANG_WARN_OBJC_ROOT_CLASS = YES_ERROR;
				CLANG_WARN_RANGE_LOOP_ANALYSIS = YES;
				CLANG_WARN_STRICT_PROTOTYPES = YES;
				CLANG_WARN_SUSPICIOUS_MOVE = YES;
				CLANG_WARN_UNGUARDED_AVAILABILITY = YES_AGGRESSIVE;
				CLANG_WARN_UNREACHABLE_CODE = YES;
				CLANG_WARN__DUPLICATE_METHOD_MATCH = YES;
				COPY_PHASE_STRIP = NO;
				DEBUG_INFORMATION_FORMAT = dwarf;
				ENABLE_STRICT_OBJC_MSGSEND = YES;
				ENABLE_TESTABILITY = YES;
				GCC_C_LANGUAGE_STANDARD = gnu11;
				GCC_DYNAMIC_NO_PIC = NO;
				GCC_NO_COMMON_BLOCKS = YES;
				GCC_OPTIMIZATION_LEVEL = 0;
				GCC_PREPROCESSOR_DEFINITIONS = (
					"DEBUG=1",
					"$(inherited)",
				);
				GCC_WARN_64_TO_32_BIT_CONVERSION = YES;
				GCC_WARN_ABOUT_RETURN_TYPE = YES_ERROR;
				GCC_WARN_UNDECLARED_SELECTOR = YES;
				GCC_WARN_UNINITIALIZED_AUTOS = YES_AGGRESSIVE;
				GCC_WARN_UNUSED_FUNCTION = YES;
				GCC_WARN_UNUSED_VARIABLE = YES;
				IPHONEOS_DEPLOYMENT_TARGET = 13.2;
				MTL_ENABLE_DEBUG_INFO = INCLUDE_SOURCE;
				MTL_FAST_MATH = YES;
				ONLY_ACTIVE_ARCH = YES;
				SDKROOT = iphoneos;
				SWIFT_ACTIVE_COMPILATION_CONDITIONS = DEBUG;
				SWIFT_OPTIMIZATION_LEVEL = "-Onone";
			};
			name = Debug;
		};
		82F5B43524C8A2EA005F5D6F /* Release */ = {
			isa = XCBuildConfiguration;
			buildSettings = {
				ALWAYS_SEARCH_USER_PATHS = NO;
				CLANG_ANALYZER_NONNULL = YES;
				CLANG_ANALYZER_NUMBER_OBJECT_CONVERSION = YES_AGGRESSIVE;
				CLANG_CXX_LANGUAGE_STANDARD = "gnu++14";
				CLANG_CXX_LIBRARY = "libc++";
				CLANG_ENABLE_MODULES = YES;
				CLANG_ENABLE_OBJC_ARC = YES;
				CLANG_ENABLE_OBJC_WEAK = YES;
				CLANG_WARN_BLOCK_CAPTURE_AUTORELEASING = YES;
				CLANG_WARN_BOOL_CONVERSION = YES;
				CLANG_WARN_COMMA = YES;
				CLANG_WARN_CONSTANT_CONVERSION = YES;
				CLANG_WARN_DEPRECATED_OBJC_IMPLEMENTATIONS = YES;
				CLANG_WARN_DIRECT_OBJC_ISA_USAGE = YES_ERROR;
				CLANG_WARN_DOCUMENTATION_COMMENTS = YES;
				CLANG_WARN_EMPTY_BODY = YES;
				CLANG_WARN_ENUM_CONVERSION = YES;
				CLANG_WARN_INFINITE_RECURSION = YES;
				CLANG_WARN_INT_CONVERSION = YES;
				CLANG_WARN_NON_LITERAL_NULL_CONVERSION = YES;
				CLANG_WARN_OBJC_IMPLICIT_RETAIN_SELF = YES;
				CLANG_WARN_OBJC_LITERAL_CONVERSION = YES;
				CLANG_WARN_OBJC_ROOT_CLASS = YES_ERROR;
				CLANG_WARN_RANGE_LOOP_ANALYSIS = YES;
				CLANG_WARN_STRICT_PROTOTYPES = YES;
				CLANG_WARN_SUSPICIOUS_MOVE = YES;
				CLANG_WARN_UNGUARDED_AVAILABILITY = YES_AGGRESSIVE;
				CLANG_WARN_UNREACHABLE_CODE = YES;
				CLANG_WARN__DUPLICATE_METHOD_MATCH = YES;
				COPY_PHASE_STRIP = NO;
				DEBUG_INFORMATION_FORMAT = "dwarf-with-dsym";
				ENABLE_NS_ASSERTIONS = NO;
				ENABLE_STRICT_OBJC_MSGSEND = YES;
				GCC_C_LANGUAGE_STANDARD = gnu11;
				GCC_NO_COMMON_BLOCKS = YES;
				GCC_WARN_64_TO_32_BIT_CONVERSION = YES;
				GCC_WARN_ABOUT_RETURN_TYPE = YES_ERROR;
				GCC_WARN_UNDECLARED_SELECTOR = YES;
				GCC_WARN_UNINITIALIZED_AUTOS = YES_AGGRESSIVE;
				GCC_WARN_UNUSED_FUNCTION = YES;
				GCC_WARN_UNUSED_VARIABLE = YES;
				IPHONEOS_DEPLOYMENT_TARGET = 13.2;
				MTL_ENABLE_DEBUG_INFO = NO;
				MTL_FAST_MATH = YES;
				SDKROOT = iphoneos;
				SWIFT_COMPILATION_MODE = wholemodule;
				SWIFT_OPTIMIZATION_LEVEL = "-O";
				VALIDATE_PRODUCT = YES;
			};
			name = Release;
		};
		82F5B43724C8A2EA005F5D6F /* Debug */ = {
			isa = XCBuildConfiguration;
			buildSettings = {
				ASSETCATALOG_COMPILER_APPICON_NAME = AppIcon;
				CODE_SIGN_STYLE = Automatic;
				INFOPLIST_FILE = "Newsapp-demo-iOS/Info.plist";
				LD_RUNPATH_SEARCH_PATHS = (
					"$(inherited)",
					"@executable_path/Frameworks",
				);
				PRODUCT_BUNDLE_IDENTIFIER = "com.kapilbhattarai.Newsapp-demo-iOS";
				PRODUCT_NAME = "$(TARGET_NAME)";
				SWIFT_VERSION = 5.0;
				TARGETED_DEVICE_FAMILY = "1,2";
			};
			name = Debug;
		};
		82F5B43824C8A2EA005F5D6F /* Release */ = {
			isa = XCBuildConfiguration;
			buildSettings = {
				ASSETCATALOG_COMPILER_APPICON_NAME = AppIcon;
				CODE_SIGN_STYLE = Automatic;
				INFOPLIST_FILE = "Newsapp-demo-iOS/Info.plist";
				LD_RUNPATH_SEARCH_PATHS = (
					"$(inherited)",
					"@executable_path/Frameworks",
				);
				PRODUCT_BUNDLE_IDENTIFIER = "com.kapilbhattarai.Newsapp-demo-iOS";
				PRODUCT_NAME = "$(TARGET_NAME)";
				SWIFT_VERSION = 5.0;
				TARGETED_DEVICE_FAMILY = "1,2";
			};
			name = Release;
		};
/* End XCBuildConfiguration section */

/* Begin XCConfigurationList section */
		82F5B41D24C8A2E8005F5D6F /* Build configuration list for PBXProject "Newsapp-demo-iOS" */ = {
			isa = XCConfigurationList;
			buildConfigurations = (
				82F5B43424C8A2EA005F5D6F /* Debug */,
				82F5B43524C8A2EA005F5D6F /* Release */,
			);
			defaultConfigurationIsVisible = 0;
			defaultConfigurationName = Release;
		};
		82F5B43624C8A2EA005F5D6F /* Build configuration list for PBXNativeTarget "Newsapp-demo-iOS" */ = {
			isa = XCConfigurationList;
			buildConfigurations = (
				82F5B43724C8A2EA005F5D6F /* Debug */,
				82F5B43824C8A2EA005F5D6F /* Release */,
			);
			defaultConfigurationIsVisible = 0;
			defaultConfigurationName = Release;
		};
/* End XCConfigurationList section */
	};
	rootObject = 82F5B41A24C8A2E8005F5D6F /* Project object */;
}
